{
  "originHash" : "7343b4e5cea59de470f77ee37ad9cdbe4b134d031bef84f218570339cf480cd4",
  "pins" : [
    {
      "identity" : "highlightkit",
      "kind" : "remoteSourceControl",
      "location" : "https://github.com/PhraseHQ/HighlightKit.git",
      "state" : {
        "revision" : "524c185b0553756498c1b6a1765e8d119c4623a6",
        "version" : "0.2.0"
      }
    },
    {
      "identity" : "libghostty-spm",
      "kind" : "remoteSourceControl",
      "location" : "https://github.com/Lakr233/libghostty-spm.git",
      "state" : {
        "revision" : "a2565ccf047c03c74a59dd7c16a8fac7c477852f",
        "version" : "1.5.20260903"
      }
    },
    {
      "identity" : "msdisplaylink",
      "kind" : "remoteSourceControl",
      "location" : "https://github.com/Lakr233/MSDisplayLink.git",
      "state" : {
        "revision" : "87eb0af130744c8cbe2e31b6e1a5bcd659f1c220",
        "version" : "2.2.0"
      }
    },
    {
      "identity" : "swift-cmark",
      "kind" : "remoteSourceControl",
      "location" : "https://github.com/swiftlang/swift-cmark.git",
      "state" : {
        "branch" : "gfm",
        "revision" : "7898f1b3e4befeecee56cb4a3bc8eebd2cb63219"
      }
    },
    {
      "identity" : "swift-markdown",
      "kind" : "remoteSourceControl",
      "location" : "https://github.com/swiftlang/swift-markdown.git",
      "state" : {
        "revision" : "de3e245b6044386b623ecce11d1ccb5fe766e3db"
      }
    }
  ],
  "version" : 3
}
